// !$*UTF8*$!
{
	archiveVersion = 1;
	classes = {
	};
	objectVersion = 56;
	objects = {

/* Begin PBXBuildFile section */
		6506F18D29F3D7D100067CBE /* UIImageView + Extensions.swift in Sources */ = {isa = PBXBuildFile; fileRef = 6506F18C29F3D7D100067CBE /* UIImageView + Extensions.swift */; };
		6506F19029F405FA00067CBE /* PeopleViewController.swift in Sources */ = {isa = PBXBuildFile; fileRef = 6506F18F29F405FA00067CBE /* PeopleViewController.swift */; };
		6506F19229F4061000067CBE /* PeopleViewModel.swift in Sources */ = {isa = PBXBuildFile; fileRef = 6506F19129F4061000067CBE /* PeopleViewModel.swift */; };
		6506F19729F469C400067CBE /* TopImageButtomLabelCell.swift in Sources */ = {isa = PBXBuildFile; fileRef = 6506F19529F469C400067CBE /* TopImageButtomLabelCell.swift */; };
		6506F19829F469C400067CBE /* TopImageButtomLabelCell.xib in Resources */ = {isa = PBXBuildFile; fileRef = 6506F19629F469C400067CBE /* TopImageButtomLabelCell.xib */; };
		6506F19A29F46E7C00067CBE /* People.swift in Sources */ = {isa = PBXBuildFile; fileRef = 6506F19929F46E7C00067CBE /* People.swift */; };
		652BEA0A29F1A0260069F0D4 /* HomeXibCollectionViewCell.swift in Sources */ = {isa = PBXBuildFile; fileRef = 652BEA0829F1A0260069F0D4 /* HomeXibCollectionViewCell.swift */; };
		652BEA0B29F1A0260069F0D4 /* HomeXibCollectionViewCell.xib in Resources */ = {isa = PBXBuildFile; fileRef = 652BEA0929F1A0260069F0D4 /* HomeXibCollectionViewCell.xib */; };
		652BEA0D29F1A3300069F0D4 /* HomeCollectionViewCell.swift in Sources */ = {isa = PBXBuildFile; fileRef = 652BEA0C29F1A3300069F0D4 /* HomeCollectionViewCell.swift */; };
		654C3BB729F12ADD00ED0D2C /* Poppins-ExtraLight.ttf in Resources */ = {isa = PBXBuildFile; fileRef = 654C3BA429F12ADD00ED0D2C /* Poppins-ExtraLight.ttf */; };
		654C3BB829F12ADD00ED0D2C /* Poppins-ThinItalic.ttf in Resources */ = {isa = PBXBuildFile; fileRef = 654C3BA529F12ADD00ED0D2C /* Poppins-ThinItalic.ttf */; };
		654C3BB929F12ADD00ED0D2C /* Poppins-ExtraLightItalic.ttf in Resources */ = {isa = PBXBuildFile; fileRef = 654C3BA629F12ADD00ED0D2C /* Poppins-ExtraLightItalic.ttf */; };
		654C3BBA29F12ADD00ED0D2C /* Poppins-BoldItalic.ttf in Resources */ = {isa = PBXBuildFile; fileRef = 654C3BA729F12ADD00ED0D2C /* Poppins-BoldItalic.ttf */; };
		654C3BBB29F12ADD00ED0D2C /* Poppins-Light.ttf in Resources */ = {isa = PBXBuildFile; fileRef = 654C3BA829F12ADD00ED0D2C /* Poppins-Light.ttf */; };
		654C3BBC29F12ADD00ED0D2C /* Poppins-Medium.ttf in Resources */ = {isa = PBXBuildFile; fileRef = 654C3BA929F12ADD00ED0D2C /* Poppins-Medium.ttf */; };
		654C3BBD29F12ADD00ED0D2C /* Poppins-SemiBoldItalic.ttf in Resources */ = {isa = PBXBuildFile; fileRef = 654C3BAA29F12ADD00ED0D2C /* Poppins-SemiBoldItalic.ttf */; };
		654C3BBE29F12ADD00ED0D2C /* Poppins-ExtraBoldItalic.ttf in Resources */ = {isa = PBXBuildFile; fileRef = 654C3BAB29F12ADD00ED0D2C /* Poppins-ExtraBoldItalic.ttf */; };
		654C3BBF29F12ADD00ED0D2C /* Poppins-ExtraBold.ttf in Resources */ = {isa = PBXBuildFile; fileRef = 654C3BAC29F12ADD00ED0D2C /* Poppins-ExtraBold.ttf */; };
		654C3BC029F12ADD00ED0D2C /* Poppins-BlackItalic.ttf in Resources */ = {isa = PBXBuildFile; fileRef = 654C3BAD29F12ADD00ED0D2C /* Poppins-BlackItalic.ttf */; };
		654C3BC129F12ADD00ED0D2C /* OFL.txt in Resources */ = {isa = PBXBuildFile; fileRef = 654C3BAE29F12ADD00ED0D2C /* OFL.txt */; };
		654C3BC229F12ADD00ED0D2C /* Poppins-Regular.ttf in Resources */ = {isa = PBXBuildFile; fileRef = 654C3BAF29F12ADD00ED0D2C /* Poppins-Regular.ttf */; };
		654C3BC329F12ADD00ED0D2C /* Poppins-LightItalic.ttf in Resources */ = {isa = PBXBuildFile; fileRef = 654C3BB029F12ADD00ED0D2C /* Poppins-LightItalic.ttf */; };
		654C3BC429F12ADD00ED0D2C /* Poppins-Bold.ttf in Resources */ = {isa = PBXBuildFile; fileRef = 654C3BB129F12ADD00ED0D2C /* Poppins-Bold.ttf */; };
		654C3BC529F12ADD00ED0D2C /* Poppins-Black.ttf in Resources */ = {isa = PBXBuildFile; fileRef = 654C3BB229F12ADD00ED0D2C /* Poppins-Black.ttf */; };
		654C3BC629F12ADD00ED0D2C /* Poppins-Thin.ttf in Resources */ = {isa = PBXBuildFile; fileRef = 654C3BB329F12ADD00ED0D2C /* Poppins-Thin.ttf */; };
		654C3BC729F12ADD00ED0D2C /* Poppins-SemiBold.ttf in Resources */ = {isa = PBXBuildFile; fileRef = 654C3BB429F12ADD00ED0D2C /* Poppins-SemiBold.ttf */; };
		654C3BC829F12ADD00ED0D2C /* Poppins-Italic.ttf in Resources */ = {isa = PBXBuildFile; fileRef = 654C3BB529F12ADD00ED0D2C /* Poppins-Italic.ttf */; };
		654C3BC929F12ADD00ED0D2C /* Poppins-MediumItalic.ttf in Resources */ = {isa = PBXBuildFile; fileRef = 654C3BB629F12ADD00ED0D2C /* Poppins-MediumItalic.ttf */; };
		654C3BD029F12F7700ED0D2C /* NetworkHelper.swift in Sources */ = {isa = PBXBuildFile; fileRef = 654C3BCF29F12F7700ED0D2C /* NetworkHelper.swift */; };
		654C3BD229F12F8700ED0D2C /* NetworkManager.swift in Sources */ = {isa = PBXBuildFile; fileRef = 654C3BD129F12F8700ED0D2C /* NetworkManager.swift */; };
		654C3BD429F1407500ED0D2C /* FavoritesViewModel.swift in Sources */ = {isa = PBXBuildFile; fileRef = 654C3BD329F1407500ED0D2C /* FavoritesViewModel.swift */; };
		65B71B9529E443B600A1DA0A /* CategoryStruct.swift in Sources */ = {isa = PBXBuildFile; fileRef = 65B71B9429E443B600A1DA0A /* CategoryStruct.swift */; };
		65B71B9829E4452200A1DA0A /* HomeViewModel.swift in Sources */ = {isa = PBXBuildFile; fileRef = 65B71B9729E4452200A1DA0A /* HomeViewModel.swift */; };
		65C045D929F71AC700EF2D79 /* HomeManager.swift in Sources */ = {isa = PBXBuildFile; fileRef = 65C045D829F71AC700EF2D79 /* HomeManager.swift */; };
		65C045DB29F71D3F00EF2D79 /* HomeHelper.swift in Sources */ = {isa = PBXBuildFile; fileRef = 65C045DA29F71D3F00EF2D79 /* HomeHelper.swift */; };
		65C045DD29F7D3E800EF2D79 /* ActorMoviewController.swift in Sources */ = {isa = PBXBuildFile; fileRef = 65C045DC29F7D3E800EF2D79 /* ActorMoviewController.swift */; };
		65C045E029F7D5A800EF2D79 /* ActorMoviesCell.swift in Sources */ = {isa = PBXBuildFile; fileRef = 65C045DF29F7D5A800EF2D79 /* ActorMoviesCell.swift */; };
		65C045E229F7D5C000EF2D79 /* ActorMoviesViewModel.swift in Sources */ = {isa = PBXBuildFile; fileRef = 65C045E129F7D5C000EF2D79 /* ActorMoviesViewModel.swift */; };
		65C045E429F7D60300EF2D79 /* ActorMoviesStruct.swift in Sources */ = {isa = PBXBuildFile; fileRef = 65C045E329F7D60300EF2D79 /* ActorMoviesStruct.swift */; };
		65C045E729F7DAF400EF2D79 /* KnownForManager.swift in Sources */ = {isa = PBXBuildFile; fileRef = 65C045E629F7DAF400EF2D79 /* KnownForManager.swift */; };
		65C045E929F7DAFF00EF2D79 /* KnownForHelper.swift in Sources */ = {isa = PBXBuildFile; fileRef = 65C045E829F7DAFF00EF2D79 /* KnownForHelper.swift */; };
		65C7EF5629E161C500B52D6C /* AppDelegate.swift in Sources */ = {isa = PBXBuildFile; fileRef = 65C7EF5529E161C500B52D6C /* AppDelegate.swift */; };
		65C7EF5829E161C500B52D6C /* SceneDelegate.swift in Sources */ = {isa = PBXBuildFile; fileRef = 65C7EF5729E161C500B52D6C /* SceneDelegate.swift */; };
		65C7EF5D29E161C500B52D6C /* Main.storyboard in Resources */ = {isa = PBXBuildFile; fileRef = 65C7EF5B29E161C500B52D6C /* Main.storyboard */; };
		65C7EF6029E161C500B52D6C /* MovieApp.xcdatamodeld in Sources */ = {isa = PBXBuildFile; fileRef = 65C7EF5E29E161C500B52D6C /* MovieApp.xcdatamodeld */; };
		65C7EF6229E161C600B52D6C /* Assets.xcassets in Resources */ = {isa = PBXBuildFile; fileRef = 65C7EF6129E161C600B52D6C /* Assets.xcassets */; };
		65C7EF6529E161C600B52D6C /* LaunchScreen.storyboard in Resources */ = {isa = PBXBuildFile; fileRef = 65C7EF6329E161C600B52D6C /* LaunchScreen.storyboard */; };
		65C7EF6E29E1665B00B52D6C /* MovieAppStruct.swift in Sources */ = {isa = PBXBuildFile; fileRef = 65C7EF6D29E1665B00B52D6C /* MovieAppStruct.swift */; };
		65CEF75129E427F40061780C /* HomeViewController.swift in Sources */ = {isa = PBXBuildFile; fileRef = 65CEF75029E427F40061780C /* HomeViewController.swift */; };
		7F7DCC0D28F73BB3676EB82A /* Pods_MovieApp.framework in Frameworks */ = {isa = PBXBuildFile; fileRef = BA61809932C9030196FA21C4 /* Pods_MovieApp.framework */; };
/* End PBXBuildFile section */

/* Begin PBXFileReference section */
		6506F18C29F3D7D100067CBE /* UIImageView + Extensions.swift */ = {isa = PBXFileReference; lastKnownFileType = sourcecode.swift; path = "UIImageView + Extensions.swift"; sourceTree = "<group>"; };
		6506F18F29F405FA00067CBE /* PeopleViewController.swift */ = {isa = PBXFileReference; lastKnownFileType = sourcecode.swift; path = PeopleViewController.swift; sourceTree = "<group>"; };
		6506F19129F4061000067CBE /* PeopleViewModel.swift */ = {isa = PBXFileReference; lastKnownFileType = sourcecode.swift; path = PeopleViewModel.swift; sourceTree = "<group>"; };
		6506F19529F469C400067CBE /* TopImageButtomLabelCell.swift */ = {isa = PBXFileReference; lastKnownFileType = sourcecode.swift; path = TopImageButtomLabelCell.swift; sourceTree = "<group>"; };
		6506F19629F469C400067CBE /* TopImageButtomLabelCell.xib */ = {isa = PBXFileReference; lastKnownFileType = file.xib; path = TopImageButtomLabelCell.xib; sourceTree = "<group>"; };
		6506F19929F46E7C00067CBE /* People.swift */ = {isa = PBXFileReference; lastKnownFileType = sourcecode.swift; path = People.swift; sourceTree = "<group>"; };
		652BEA0829F1A0260069F0D4 /* HomeXibCollectionViewCell.swift */ = {isa = PBXFileReference; lastKnownFileType = sourcecode.swift; path = HomeXibCollectionViewCell.swift; sourceTree = "<group>"; };
		652BEA0929F1A0260069F0D4 /* HomeXibCollectionViewCell.xib */ = {isa = PBXFileReference; lastKnownFileType = file.xib; path = HomeXibCollectionViewCell.xib; sourceTree = "<group>"; };
		652BEA0C29F1A3300069F0D4 /* HomeCollectionViewCell.swift */ = {isa = PBXFileReference; lastKnownFileType = sourcecode.swift; path = HomeCollectionViewCell.swift; sourceTree = "<group>"; };
		654C3BA429F12ADD00ED0D2C /* Poppins-ExtraLight.ttf */ = {isa = PBXFileReference; lastKnownFileType = file; path = "Poppins-ExtraLight.ttf"; sourceTree = "<group>"; };
		654C3BA529F12ADD00ED0D2C /* Poppins-ThinItalic.ttf */ = {isa = PBXFileReference; lastKnownFileType = file; path = "Poppins-ThinItalic.ttf"; sourceTree = "<group>"; };
		654C3BA629F12ADD00ED0D2C /* Poppins-ExtraLightItalic.ttf */ = {isa = PBXFileReference; lastKnownFileType = file; path = "Poppins-ExtraLightItalic.ttf"; sourceTree = "<group>"; };
		654C3BA729F12ADD00ED0D2C /* Poppins-BoldItalic.ttf */ = {isa = PBXFileReference; lastKnownFileType = file; path = "Poppins-BoldItalic.ttf"; sourceTree = "<group>"; };
		654C3BA829F12ADD00ED0D2C /* Poppins-Light.ttf */ = {isa = PBXFileReference; lastKnownFileType = file; path = "Poppins-Light.ttf"; sourceTree = "<group>"; };
		654C3BA929F12ADD00ED0D2C /* Poppins-Medium.ttf */ = {isa = PBXFileReference; lastKnownFileType = file; path = "Poppins-Medium.ttf"; sourceTree = "<group>"; };
		654C3BAA29F12ADD00ED0D2C /* Poppins-SemiBoldItalic.ttf */ = {isa = PBXFileReference; lastKnownFileType = file; path = "Poppins-SemiBoldItalic.ttf"; sourceTree = "<group>"; };
		654C3BAB29F12ADD00ED0D2C /* Poppins-ExtraBoldItalic.ttf */ = {isa = PBXFileReference; lastKnownFileType = file; path = "Poppins-ExtraBoldItalic.ttf"; sourceTree = "<group>"; };
		654C3BAC29F12ADD00ED0D2C /* Poppins-ExtraBold.ttf */ = {isa = PBXFileReference; lastKnownFileType = file; path = "Poppins-ExtraBold.ttf"; sourceTree = "<group>"; };
		654C3BAD29F12ADD00ED0D2C /* Poppins-BlackItalic.ttf */ = {isa = PBXFileReference; lastKnownFileType = file; path = "Poppins-BlackItalic.ttf"; sourceTree = "<group>"; };
		654C3BAE29F12ADD00ED0D2C /* OFL.txt */ = {isa = PBXFileReference; fileEncoding = 4; lastKnownFileType = text; path = OFL.txt; sourceTree = "<group>"; };
		654C3BAF29F12ADD00ED0D2C /* Poppins-Regular.ttf */ = {isa = PBXFileReference; lastKnownFileType = file; path = "Poppins-Regular.ttf"; sourceTree = "<group>"; };
		654C3BB029F12ADD00ED0D2C /* Poppins-LightItalic.ttf */ = {isa = PBXFileReference; lastKnownFileType = file; path = "Poppins-LightItalic.ttf"; sourceTree = "<group>"; };
		654C3BB129F12ADD00ED0D2C /* Poppins-Bold.ttf */ = {isa = PBXFileReference; lastKnownFileType = file; path = "Poppins-Bold.ttf"; sourceTree = "<group>"; };
		654C3BB229F12ADD00ED0D2C /* Poppins-Black.ttf */ = {isa = PBXFileReference; lastKnownFileType = file; path = "Poppins-Black.ttf"; sourceTree = "<group>"; };
		654C3BB329F12ADD00ED0D2C /* Poppins-Thin.ttf */ = {isa = PBXFileReference; lastKnownFileType = file; path = "Poppins-Thin.ttf"; sourceTree = "<group>"; };
		654C3BB429F12ADD00ED0D2C /* Poppins-SemiBold.ttf */ = {isa = PBXFileReference; lastKnownFileType = file; path = "Poppins-SemiBold.ttf"; sourceTree = "<group>"; };
		654C3BB529F12ADD00ED0D2C /* Poppins-Italic.ttf */ = {isa = PBXFileReference; lastKnownFileType = file; path = "Poppins-Italic.ttf"; sourceTree = "<group>"; };
		654C3BB629F12ADD00ED0D2C /* Poppins-MediumItalic.ttf */ = {isa = PBXFileReference; lastKnownFileType = file; path = "Poppins-MediumItalic.ttf"; sourceTree = "<group>"; };
		654C3BCF29F12F7700ED0D2C /* NetworkHelper.swift */ = {isa = PBXFileReference; lastKnownFileType = sourcecode.swift; path = NetworkHelper.swift; sourceTree = "<group>"; };
		654C3BD129F12F8700ED0D2C /* NetworkManager.swift */ = {isa = PBXFileReference; lastKnownFileType = sourcecode.swift; path = NetworkManager.swift; sourceTree = "<group>"; };
		654C3BD329F1407500ED0D2C /* FavoritesViewModel.swift */ = {isa = PBXFileReference; lastKnownFileType = sourcecode.swift; path = FavoritesViewModel.swift; sourceTree = "<group>"; };
		65B71B9429E443B600A1DA0A /* CategoryStruct.swift */ = {isa = PBXFileReference; lastKnownFileType = sourcecode.swift; path = CategoryStruct.swift; sourceTree = "<group>"; };
		65B71B9729E4452200A1DA0A /* HomeViewModel.swift */ = {isa = PBXFileReference; lastKnownFileType = sourcecode.swift; path = HomeViewModel.swift; sourceTree = "<group>"; };
		65C045D829F71AC700EF2D79 /* HomeManager.swift */ = {isa = PBXFileReference; lastKnownFileType = sourcecode.swift; path = HomeManager.swift; sourceTree = "<group>"; };
		65C045DA29F71D3F00EF2D79 /* HomeHelper.swift */ = {isa = PBXFileReference; lastKnownFileType = sourcecode.swift; path = HomeHelper.swift; sourceTree = "<group>"; };
		65C045DC29F7D3E800EF2D79 /* ActorMoviewController.swift */ = {isa = PBXFileReference; lastKnownFileType = sourcecode.swift; path = ActorMoviewController.swift; sourceTree = "<group>"; };
		65C045DF29F7D5A800EF2D79 /* ActorMoviesCell.swift */ = {isa = PBXFileReference; lastKnownFileType = sourcecode.swift; name = ActorMoviesCell.swift; path = "/Users/minaya.yagubova/Desktop/swift/github/MovieApp/MovieApp/Scene/Actor's Movies/ActorMoviesCell.swift"; sourceTree = "<absolute>"; };
		65C045E129F7D5C000EF2D79 /* ActorMoviesViewModel.swift */ = {isa = PBXFileReference; lastKnownFileType = sourcecode.swift; path = ActorMoviesViewModel.swift; sourceTree = "<group>"; };
		65C045E329F7D60300EF2D79 /* ActorMoviesStruct.swift */ = {isa = PBXFileReference; lastKnownFileType = sourcecode.swift; path = ActorMoviesStruct.swift; sourceTree = "<group>"; };
		65C045E629F7DAF400EF2D79 /* KnownForManager.swift */ = {isa = PBXFileReference; lastKnownFileType = sourcecode.swift; path = KnownForManager.swift; sourceTree = "<group>"; };
		65C045E829F7DAFF00EF2D79 /* KnownForHelper.swift */ = {isa = PBXFileReference; lastKnownFileType = sourcecode.swift; path = KnownForHelper.swift; sourceTree = "<group>"; };
		65C7EF5229E161C500B52D6C /* MovieApp.app */ = {isa = PBXFileReference; explicitFileType = wrapper.application; includeInIndex = 0; path = MovieApp.app; sourceTree = BUILT_PRODUCTS_DIR; };
		65C7EF5529E161C500B52D6C /* AppDelegate.swift */ = {isa = PBXFileReference; lastKnownFileType = sourcecode.swift; path = AppDelegate.swift; sourceTree = "<group>"; };
		65C7EF5729E161C500B52D6C /* SceneDelegate.swift */ = {isa = PBXFileReference; lastKnownFileType = sourcecode.swift; path = SceneDelegate.swift; sourceTree = "<group>"; };
		65C7EF5C29E161C500B52D6C /* Base */ = {isa = PBXFileReference; lastKnownFileType = file.storyboard; name = Base; path = Base.lproj/Main.storyboard; sourceTree = "<group>"; };
		65C7EF5F29E161C500B52D6C /* MovieApp.xcdatamodel */ = {isa = PBXFileReference; lastKnownFileType = wrapper.xcdatamodel; path = MovieApp.xcdatamodel; sourceTree = "<group>"; };
		65C7EF6129E161C600B52D6C /* Assets.xcassets */ = {isa = PBXFileReference; lastKnownFileType = folder.assetcatalog; path = Assets.xcassets; sourceTree = "<group>"; };
		65C7EF6429E161C600B52D6C /* Base */ = {isa = PBXFileReference; lastKnownFileType = file.storyboard; name = Base; path = Base.lproj/LaunchScreen.storyboard; sourceTree = "<group>"; };
		65C7EF6629E161C600B52D6C /* Info.plist */ = {isa = PBXFileReference; lastKnownFileType = text.plist.xml; path = Info.plist; sourceTree = "<group>"; };
		65C7EF6D29E1665B00B52D6C /* MovieAppStruct.swift */ = {isa = PBXFileReference; lastKnownFileType = sourcecode.swift; path = MovieAppStruct.swift; sourceTree = "<group>"; };
		65CEF75029E427F40061780C /* HomeViewController.swift */ = {isa = PBXFileReference; lastKnownFileType = sourcecode.swift; path = HomeViewController.swift; sourceTree = "<group>"; };
		BA61809932C9030196FA21C4 /* Pods_MovieApp.framework */ = {isa = PBXFileReference; explicitFileType = wrapper.framework; includeInIndex = 0; path = Pods_MovieApp.framework; sourceTree = BUILT_PRODUCTS_DIR; };
		C8471C6B1C5581082617888F /* Pods-MovieApp.debug.xcconfig */ = {isa = PBXFileReference; includeInIndex = 1; lastKnownFileType = text.xcconfig; name = "Pods-MovieApp.debug.xcconfig"; path = "Target Support Files/Pods-MovieApp/Pods-MovieApp.debug.xcconfig"; sourceTree = "<group>"; };
		F28B6B8417F47FCEA3FA2104 /* Pods-MovieApp.release.xcconfig */ = {isa = PBXFileReference; includeInIndex = 1; lastKnownFileType = text.xcconfig; name = "Pods-MovieApp.release.xcconfig"; path = "Target Support Files/Pods-MovieApp/Pods-MovieApp.release.xcconfig"; sourceTree = "<group>"; };
/* End PBXFileReference section */

/* Begin PBXFrameworksBuildPhase section */
		65C7EF4F29E161C500B52D6C /* Frameworks */ = {
			isa = PBXFrameworksBuildPhase;
			buildActionMask = 2147483647;
			files = (
				7F7DCC0D28F73BB3676EB82A /* Pods_MovieApp.framework in Frameworks */,
			);
			runOnlyForDeploymentPostprocessing = 0;
		};
/* End PBXFrameworksBuildPhase section */

/* Begin PBXGroup section */
		03C2F78C2627263A8DE94AAA /* Frameworks */ = {
			isa = PBXGroup;
			children = (
				BA61809932C9030196FA21C4 /* Pods_MovieApp.framework */,
			);
			name = Frameworks;
			sourceTree = "<group>";
		};
		271BB14495996C1FD8FBEC22 /* Pods */ = {
			isa = PBXGroup;
			children = (
				C8471C6B1C5581082617888F /* Pods-MovieApp.debug.xcconfig */,
				F28B6B8417F47FCEA3FA2104 /* Pods-MovieApp.release.xcconfig */,
			);
			path = Pods;
			sourceTree = "<group>";
		};
		6506F18E29F405CD00067CBE /* People */ = {
			isa = PBXGroup;
			children = (
				6506F18F29F405FA00067CBE /* PeopleViewController.swift */,
				6506F19129F4061000067CBE /* PeopleViewModel.swift */,
				6506F19929F46E7C00067CBE /* People.swift */,
			);
			path = People;
			sourceTree = "<group>";
		};
		6506F19329F4697B00067CBE /* ReusableView */ = {
			isa = PBXGroup;
			children = (
				6506F19429F4698D00067CBE /* Cell */,
			);
			path = ReusableView;
			sourceTree = "<group>";
		};
		6506F19429F4698D00067CBE /* Cell */ = {
			isa = PBXGroup;
			children = (
				6506F19529F469C400067CBE /* TopImageButtomLabelCell.swift */,
				6506F19629F469C400067CBE /* TopImageButtomLabelCell.xib */,
			);
			path = Cell;
			sourceTree = "<group>";
		};
		654C3BA129F129DC00ED0D2C /* Helper */ = {
			isa = PBXGroup;
			children = (
				6506F19329F4697B00067CBE /* ReusableView */,
				654C3BA229F129E600ED0D2C /* Fonts */,
				6506F18C29F3D7D100067CBE /* UIImageView + Extensions.swift */,
			);
			path = Helper;
			sourceTree = "<group>";
		};
		654C3BA229F129E600ED0D2C /* Fonts */ = {
			isa = PBXGroup;
			children = (
				654C3BA329F12ADD00ED0D2C /* Poppins */,
			);
			path = Fonts;
			sourceTree = "<group>";
		};
		654C3BA329F12ADD00ED0D2C /* Poppins */ = {
			isa = PBXGroup;
			children = (
				654C3BA429F12ADD00ED0D2C /* Poppins-ExtraLight.ttf */,
				654C3BA529F12ADD00ED0D2C /* Poppins-ThinItalic.ttf */,
				654C3BA629F12ADD00ED0D2C /* Poppins-ExtraLightItalic.ttf */,
				654C3BA729F12ADD00ED0D2C /* Poppins-BoldItalic.ttf */,
				654C3BA829F12ADD00ED0D2C /* Poppins-Light.ttf */,
				654C3BA929F12ADD00ED0D2C /* Poppins-Medium.ttf */,
				654C3BAA29F12ADD00ED0D2C /* Poppins-SemiBoldItalic.ttf */,
				654C3BAB29F12ADD00ED0D2C /* Poppins-ExtraBoldItalic.ttf */,
				654C3BAC29F12ADD00ED0D2C /* Poppins-ExtraBold.ttf */,
				654C3BAD29F12ADD00ED0D2C /* Poppins-BlackItalic.ttf */,
				654C3BAE29F12ADD00ED0D2C /* OFL.txt */,
				654C3BAF29F12ADD00ED0D2C /* Poppins-Regular.ttf */,
				654C3BB029F12ADD00ED0D2C /* Poppins-LightItalic.ttf */,
				654C3BB129F12ADD00ED0D2C /* Poppins-Bold.ttf */,
				654C3BB229F12ADD00ED0D2C /* Poppins-Black.ttf */,
				654C3BB329F12ADD00ED0D2C /* Poppins-Thin.ttf */,
				654C3BB429F12ADD00ED0D2C /* Poppins-SemiBold.ttf */,
				654C3BB529F12ADD00ED0D2C /* Poppins-Italic.ttf */,
				654C3BB629F12ADD00ED0D2C /* Poppins-MediumItalic.ttf */,
			);
			path = Poppins;
			sourceTree = "<group>";
		};
		654C3BCA29F12E9F00ED0D2C /* Scene */ = {
			isa = PBXGroup;
			children = (
				65C045DE29F7D58A00EF2D79 /* Actor's Movies */,
				6506F18E29F405CD00067CBE /* People */,
				654C3BCB29F12EAA00ED0D2C /* Home */,
				654C3BCC29F12EAE00ED0D2C /* Favorites */,
			);
			path = Scene;
			sourceTree = "<group>";
		};
		654C3BCB29F12EAA00ED0D2C /* Home */ = {
			isa = PBXGroup;
			children = (
				65CEF75029E427F40061780C /* HomeViewController.swift */,
				65B71B9729E4452200A1DA0A /* HomeViewModel.swift */,
				652BEA0C29F1A3300069F0D4 /* HomeCollectionViewCell.swift */,
				652BEA0829F1A0260069F0D4 /* HomeXibCollectionViewCell.swift */,
				652BEA0929F1A0260069F0D4 /* HomeXibCollectionViewCell.xib */,
				65C7EF6D29E1665B00B52D6C /* MovieAppStruct.swift */,
			);
			path = Home;
			sourceTree = "<group>";
		};
		654C3BCC29F12EAE00ED0D2C /* Favorites */ = {
			isa = PBXGroup;
			children = (
				654C3BD329F1407500ED0D2C /* FavoritesViewModel.swift */,
			);
			path = Favorites;
			sourceTree = "<group>";
		};
		654C3BCD29F12F2800ED0D2C /* NetworkManager */ = {
			isa = PBXGroup;
			children = (
				65C045E529F7DAE300EF2D79 /* KnownForManager */,
				65C045D729F71AB200EF2D79 /* HomeManager */,
				654C3BCE29F12F3400ED0D2C /* Core */,
			);
			path = NetworkManager;
			sourceTree = "<group>";
		};
		654C3BCE29F12F3400ED0D2C /* Core */ = {
			isa = PBXGroup;
			children = (
				654C3BD129F12F8700ED0D2C /* NetworkManager.swift */,
				654C3BCF29F12F7700ED0D2C /* NetworkHelper.swift */,
			);
			path = Core;
			sourceTree = "<group>";
		};
		65B71B9629E4450400A1DA0A /* ViewModels */ = {
			isa = PBXGroup;
			children = (
			);
			path = ViewModels;
			sourceTree = "<group>";
		};
		65C045D729F71AB200EF2D79 /* HomeManager */ = {
			isa = PBXGroup;
			children = (
				65C045D829F71AC700EF2D79 /* HomeManager.swift */,
				65C045DA29F71D3F00EF2D79 /* HomeHelper.swift */,
			);
			path = HomeManager;
			sourceTree = "<group>";
		};
		65C045DE29F7D58A00EF2D79 /* Actor's Movies */ = {
			isa = PBXGroup;
			children = (
				65C045DC29F7D3E800EF2D79 /* ActorMoviewController.swift */,
				65C045DF29F7D5A800EF2D79 /* ActorMoviesCell.swift */,
				65C045E129F7D5C000EF2D79 /* ActorMoviesViewModel.swift */,
				65C045E329F7D60300EF2D79 /* ActorMoviesStruct.swift */,
			);
			path = "Actor's Movies";
			sourceTree = "<group>";
		};
		65C045E529F7DAE300EF2D79 /* KnownForManager */ = {
			isa = PBXGroup;
			children = (
				65C045E629F7DAF400EF2D79 /* KnownForManager.swift */,
				65C045E829F7DAFF00EF2D79 /* KnownForHelper.swift */,
			);
			path = KnownForManager;
			sourceTree = "<group>";
		};
		65C7EF4929E161C500B52D6C = {
			isa = PBXGroup;
			children = (
				65C7EF5429E161C500B52D6C /* MovieApp */,
				65C7EF5329E161C500B52D6C /* Products */,
				271BB14495996C1FD8FBEC22 /* Pods */,
				03C2F78C2627263A8DE94AAA /* Frameworks */,
			);
			sourceTree = "<group>";
		};
		65C7EF5329E161C500B52D6C /* Products */ = {
			isa = PBXGroup;
			children = (
				65C7EF5229E161C500B52D6C /* MovieApp.app */,
			);
			name = Products;
			sourceTree = "<group>";
		};
		65C7EF5429E161C500B52D6C /* MovieApp */ = {
			isa = PBXGroup;
			children = (
				65C7EF5529E161C500B52D6C /* AppDelegate.swift */,
				65C7EF5729E161C500B52D6C /* SceneDelegate.swift */,
				654C3BCD29F12F2800ED0D2C /* NetworkManager */,
				654C3BA129F129DC00ED0D2C /* Helper */,
				65C7EF6C29E1664500B52D6C /* Structs */,
				654C3BCA29F12E9F00ED0D2C /* Scene */,
				65B71B9629E4450400A1DA0A /* ViewModels */,
				65C7EF5B29E161C500B52D6C /* Main.storyboard */,
				65C7EF6129E161C600B52D6C /* Assets.xcassets */,
				65C7EF6329E161C600B52D6C /* LaunchScreen.storyboard */,
				65C7EF6629E161C600B52D6C /* Info.plist */,
				65C7EF5E29E161C500B52D6C /* MovieApp.xcdatamodeld */,
			);
			path = MovieApp;
			sourceTree = "<group>";
		};
		65C7EF6C29E1664500B52D6C /* Structs */ = {
			isa = PBXGroup;
			children = (
				65B71B9429E443B600A1DA0A /* CategoryStruct.swift */,
			);
			path = Structs;
			sourceTree = "<group>";
		};
/* End PBXGroup section */

/* Begin PBXNativeTarget section */
		65C7EF5129E161C500B52D6C /* MovieApp */ = {
			isa = PBXNativeTarget;
			buildConfigurationList = 65C7EF6929E161C600B52D6C /* Build configuration list for PBXNativeTarget "MovieApp" */;
			buildPhases = (
				E1DB0553C18AAFB23F93E213 /* [CP] Check Pods Manifest.lock */,
				65C7EF4E29E161C500B52D6C /* Sources */,
				65C7EF4F29E161C500B52D6C /* Frameworks */,
				65C7EF5029E161C500B52D6C /* Resources */,
				63F0254E5189FF0B4E88291E /* [CP] Embed Pods Frameworks */,
			);
			buildRules = (
			);
			dependencies = (
			);
			name = MovieApp;
			productName = MovieApp;
			productReference = 65C7EF5229E161C500B52D6C /* MovieApp.app */;
			productType = "com.apple.product-type.application";
		};
/* End PBXNativeTarget section */

/* Begin PBXProject section */
		65C7EF4A29E161C500B52D6C /* Project object */ = {
			isa = PBXProject;
			attributes = {
				BuildIndependentTargetsInParallel = 1;
				LastSwiftUpdateCheck = 1420;
				LastUpgradeCheck = 1420;
				TargetAttributes = {
					65C7EF5129E161C500B52D6C = {
						CreatedOnToolsVersion = 14.2;
					};
				};
			};
			buildConfigurationList = 65C7EF4D29E161C500B52D6C /* Build configuration list for PBXProject "MovieApp" */;
			compatibilityVersion = "Xcode 14.0";
			developmentRegion = en;
			hasScannedForEncodings = 0;
			knownRegions = (
				en,
				Base,
			);
			mainGroup = 65C7EF4929E161C500B52D6C;
			productRefGroup = 65C7EF5329E161C500B52D6C /* Products */;
			projectDirPath = "";
			projectRoot = "";
			targets = (
				65C7EF5129E161C500B52D6C /* MovieApp */,
			);
		};
/* End PBXProject section */

/* Begin PBXResourcesBuildPhase section */
		65C7EF5029E161C500B52D6C /* Resources */ = {
			isa = PBXResourcesBuildPhase;
			buildActionMask = 2147483647;
			files = (
				654C3BC329F12ADD00ED0D2C /* Poppins-LightItalic.ttf in Resources */,
				652BEA0B29F1A0260069F0D4 /* HomeXibCollectionViewCell.xib in Resources */,
				654C3BC429F12ADD00ED0D2C /* Poppins-Bold.ttf in Resources */,
				654C3BC129F12ADD00ED0D2C /* OFL.txt in Resources */,
				654C3BBE29F12ADD00ED0D2C /* Poppins-ExtraBoldItalic.ttf in Resources */,
				6506F19829F469C400067CBE /* TopImageButtomLabelCell.xib in Resources */,
				654C3BBD29F12ADD00ED0D2C /* Poppins-SemiBoldItalic.ttf in Resources */,
				654C3BC529F12ADD00ED0D2C /* Poppins-Black.ttf in Resources */,
				654C3BB729F12ADD00ED0D2C /* Poppins-ExtraLight.ttf in Resources */,
				654C3BBB29F12ADD00ED0D2C /* Poppins-Light.ttf in Resources */,
				654C3BB929F12ADD00ED0D2C /* Poppins-ExtraLightItalic.ttf in Resources */,
				654C3BC629F12ADD00ED0D2C /* Poppins-Thin.ttf in Resources */,
				65C7EF6529E161C600B52D6C /* LaunchScreen.storyboard in Resources */,
				654C3BC229F12ADD00ED0D2C /* Poppins-Regular.ttf in Resources */,
				65C7EF6229E161C600B52D6C /* Assets.xcassets in Resources */,
				654C3BB829F12ADD00ED0D2C /* Poppins-ThinItalic.ttf in Resources */,
				654C3BC029F12ADD00ED0D2C /* Poppins-BlackItalic.ttf in Resources */,
				654C3BC729F12ADD00ED0D2C /* Poppins-SemiBold.ttf in Resources */,
				65C7EF5D29E161C500B52D6C /* Main.storyboard in Resources */,
				654C3BC829F12ADD00ED0D2C /* Poppins-Italic.ttf in Resources */,
				654C3BBA29F12ADD00ED0D2C /* Poppins-BoldItalic.ttf in Resources */,
				654C3BBC29F12ADD00ED0D2C /* Poppins-Medium.ttf in Resources */,
				654C3BC929F12ADD00ED0D2C /* Poppins-MediumItalic.ttf in Resources */,
				654C3BBF29F12ADD00ED0D2C /* Poppins-ExtraBold.ttf in Resources */,
			);
			runOnlyForDeploymentPostprocessing = 0;
		};
/* End PBXResourcesBuildPhase section */

/* Begin PBXShellScriptBuildPhase section */
		63F0254E5189FF0B4E88291E /* [CP] Embed Pods Frameworks */ = {
			isa = PBXShellScriptBuildPhase;
			buildActionMask = 2147483647;
			files = (
			);
			inputFileListPaths = (
				"${PODS_ROOT}/Target Support Files/Pods-MovieApp/Pods-MovieApp-frameworks-${CONFIGURATION}-input-files.xcfilelist",
			);
			name = "[CP] Embed Pods Frameworks";
			outputFileListPaths = (
				"${PODS_ROOT}/Target Support Files/Pods-MovieApp/Pods-MovieApp-frameworks-${CONFIGURATION}-output-files.xcfilelist",
			);
			runOnlyForDeploymentPostprocessing = 0;
			shellPath = /bin/sh;
			shellScript = "\"${PODS_ROOT}/Target Support Files/Pods-MovieApp/Pods-MovieApp-frameworks.sh\"\n";
			showEnvVarsInLog = 0;
		};
		E1DB0553C18AAFB23F93E213 /* [CP] Check Pods Manifest.lock */ = {
			isa = PBXShellScriptBuildPhase;
			buildActionMask = 2147483647;
			files = (
			);
			inputFileListPaths = (
			);
			inputPaths = (
				"${PODS_PODFILE_DIR_PATH}/Podfile.lock",
				"${PODS_ROOT}/Manifest.lock",
			);
			name = "[CP] Check Pods Manifest.lock";
			outputFileListPaths = (
			);
			outputPaths = (
				"$(DERIVED_FILE_DIR)/Pods-MovieApp-checkManifestLockResult.txt",
			);
			runOnlyForDeploymentPostprocessing = 0;
			shellPath = /bin/sh;
			shellScript = "diff \"${PODS_PODFILE_DIR_PATH}/Podfile.lock\" \"${PODS_ROOT}/Manifest.lock\" > /dev/null\nif [ $? != 0 ] ; then\n    # print error to STDERR\n    echo \"error: The sandbox is not in sync with the Podfile.lock. Run 'pod install' or update your CocoaPods installation.\" >&2\n    exit 1\nfi\n# This output is used by Xcode 'outputs' to avoid re-running this script phase.\necho \"SUCCESS\" > \"${SCRIPT_OUTPUT_FILE_0}\"\n";
			showEnvVarsInLog = 0;
		};
/* End PBXShellScriptBuildPhase section */

/* Begin PBXSourcesBuildPhase section */
		65C7EF4E29E161C500B52D6C /* Sources */ = {
			isa = PBXSourcesBuildPhase;
			buildActionMask = 2147483647;
			files = (
				65C045E929F7DAFF00EF2D79 /* KnownForHelper.swift in Sources */,
				6506F19229F4061000067CBE /* PeopleViewModel.swift in Sources */,
				65C045E229F7D5C000EF2D79 /* ActorMoviesViewModel.swift in Sources */,
				654C3BD029F12F7700ED0D2C /* NetworkHelper.swift in Sources */,
				65C045DB29F71D3F00EF2D79 /* HomeHelper.swift in Sources */,
				6506F19729F469C400067CBE /* TopImageButtomLabelCell.swift in Sources */,
				6506F19A29F46E7C00067CBE /* People.swift in Sources */,
				65B71B9529E443B600A1DA0A /* CategoryStruct.swift in Sources */,
				654C3BD229F12F8700ED0D2C /* NetworkManager.swift in Sources */,
				65C045E429F7D60300EF2D79 /* ActorMoviesStruct.swift in Sources */,
				6506F18D29F3D7D100067CBE /* UIImageView + Extensions.swift in Sources */,
				6506F19029F405FA00067CBE /* PeopleViewController.swift in Sources */,
				65C7EF5629E161C500B52D6C /* AppDelegate.swift in Sources */,
				652BEA0D29F1A3300069F0D4 /* HomeCollectionViewCell.swift in Sources */,
				654C3BD429F1407500ED0D2C /* FavoritesViewModel.swift in Sources */,
				65C7EF6E29E1665B00B52D6C /* MovieAppStruct.swift in Sources */,
				65B71B9829E4452200A1DA0A /* HomeViewModel.swift in Sources */,
				65C045DD29F7D3E800EF2D79 /* ActorMoviewController.swift in Sources */,
				65C7EF6029E161C500B52D6C /* MovieApp.xcdatamodeld in Sources */,
				65C045E029F7D5A800EF2D79 /* ActorMoviesCell.swift in Sources */,
				65C045D929F71AC700EF2D79 /* HomeManager.swift in Sources */,
				65CEF75129E427F40061780C /* HomeViewController.swift in Sources */,
				65C7EF5829E161C500B52D6C /* SceneDelegate.swift in Sources */,
				652BEA0A29F1A0260069F0D4 /* HomeXibCollectionViewCell.swift in Sources */,
				65C045E729F7DAF400EF2D79 /* KnownForManager.swift in Sources */,
			);
			runOnlyForDeploymentPostprocessing = 0;
		};
/* End PBXSourcesBuildPhase section */

/* Begin PBXVariantGroup section */
		65C7EF5B29E161C500B52D6C /* Main.storyboard */ = {
			isa = PBXVariantGroup;
			children = (
				65C7EF5C29E161C500B52D6C /* Base */,
			);
			name = Main.storyboard;
			sourceTree = "<group>";
		};
		65C7EF6329E161C600B52D6C /* LaunchScreen.storyboard */ = {
			isa = PBXVariantGroup;
			children = (
				65C7EF6429E161C600B52D6C /* Base */,
			);
			name = LaunchScreen.storyboard;
			sourceTree = "<group>";
		};
/* End PBXVariantGroup section */

/* Begin XCBuildConfiguration section */
		65C7EF6729E161C600B52D6C /* Debug */ = {
			isa = XCBuildConfiguration;
			buildSettings = {
				ALWAYS_SEARCH_USER_PATHS = NO;
				CLANG_ANALYZER_NONNULL = YES;
				CLANG_ANALYZER_NUMBER_OBJECT_CONVERSION = YES_AGGRESSIVE;
				CLANG_CXX_LANGUAGE_STANDARD = "gnu++20";
				CLANG_ENABLE_MODULES = YES;
				CLANG_ENABLE_OBJC_ARC = YES;
				CLANG_ENABLE_OBJC_WEAK = YES;
				CLANG_WARN_BLOCK_CAPTURE_AUTORELEASING = YES;
				CLANG_WARN_BOOL_CONVERSION = YES;
				CLANG_WARN_COMMA = YES;
				CLANG_WARN_CONSTANT_CONVERSION = YES;
				CLANG_WARN_DEPRECATED_OBJC_IMPLEMENTATIONS = YES;
				CLANG_WARN_DIRECT_OBJC_ISA_USAGE = YES_ERROR;
				CLANG_WARN_DOCUMENTATION_COMMENTS = YES;
				CLANG_WARN_EMPTY_BODY = YES;
				CLANG_WARN_ENUM_CONVERSION = YES;
				CLANG_WARN_INFINITE_RECURSION = YES;
				CLANG_WARN_INT_CONVERSION = YES;
				CLANG_WARN_NON_LITERAL_NULL_CONVERSION = YES;
				CLANG_WARN_OBJC_IMPLICIT_RETAIN_SELF = YES;
				CLANG_WARN_OBJC_LITERAL_CONVERSION = YES;
				CLANG_WARN_OBJC_ROOT_CLASS = YES_ERROR;
				CLANG_WARN_QUOTED_INCLUDE_IN_FRAMEWORK_HEADER = YES;
				CLANG_WARN_RANGE_LOOP_ANALYSIS = YES;
				CLANG_WARN_STRICT_PROTOTYPES = YES;
				CLANG_WARN_SUSPICIOUS_MOVE = YES;
				CLANG_WARN_UNGUARDED_AVAILABILITY = YES_AGGRESSIVE;
				CLANG_WARN_UNREACHABLE_CODE = YES;
				CLANG_WARN__DUPLICATE_METHOD_MATCH = YES;
				COPY_PHASE_STRIP = NO;
				DEBUG_INFORMATION_FORMAT = dwarf;
				ENABLE_STRICT_OBJC_MSGSEND = YES;
				ENABLE_TESTABILITY = YES;
				GCC_C_LANGUAGE_STANDARD = gnu11;
				GCC_DYNAMIC_NO_PIC = NO;
				GCC_NO_COMMON_BLOCKS = YES;
				GCC_OPTIMIZATION_LEVEL = 0;
				GCC_PREPROCESSOR_DEFINITIONS = (
					"DEBUG=1",
					"$(inherited)",
				);
				GCC_WARN_64_TO_32_BIT_CONVERSION = YES;
				GCC_WARN_ABOUT_RETURN_TYPE = YES_ERROR;
				GCC_WARN_UNDECLARED_SELECTOR = YES;
				GCC_WARN_UNINITIALIZED_AUTOS = YES_AGGRESSIVE;
				GCC_WARN_UNUSED_FUNCTION = YES;
				GCC_WARN_UNUSED_VARIABLE = YES;
				IPHONEOS_DEPLOYMENT_TARGET = 16.2;
				MTL_ENABLE_DEBUG_INFO = INCLUDE_SOURCE;
				MTL_FAST_MATH = YES;
				ONLY_ACTIVE_ARCH = YES;
				SDKROOT = iphoneos;
				SWIFT_ACTIVE_COMPILATION_CONDITIONS = DEBUG;
				SWIFT_OPTIMIZATION_LEVEL = "-Onone";
			};
			name = Debug;
		};
		65C7EF6829E161C600B52D6C /* Release */ = {
			isa = XCBuildConfiguration;
			buildSettings = {
				ALWAYS_SEARCH_USER_PATHS = NO;
				CLANG_ANALYZER_NONNULL = YES;
				CLANG_ANALYZER_NUMBER_OBJECT_CONVERSION = YES_AGGRESSIVE;
				CLANG_CXX_LANGUAGE_STANDARD = "gnu++20";
				CLANG_ENABLE_MODULES = YES;
				CLANG_ENABLE_OBJC_ARC = YES;
				CLANG_ENABLE_OBJC_WEAK = YES;
				CLANG_WARN_BLOCK_CAPTURE_AUTORELEASING = YES;
				CLANG_WARN_BOOL_CONVERSION = YES;
				CLANG_WARN_COMMA = YES;
				CLANG_WARN_CONSTANT_CONVERSION = YES;
				CLANG_WARN_DEPRECATED_OBJC_IMPLEMENTATIONS = YES;
				CLANG_WARN_DIRECT_OBJC_ISA_USAGE = YES_ERROR;
				CLANG_WARN_DOCUMENTATION_COMMENTS = YES;
				CLANG_WARN_EMPTY_BODY = YES;
				CLANG_WARN_ENUM_CONVERSION = YES;
				CLANG_WARN_INFINITE_RECURSION = YES;
				CLANG_WARN_INT_CONVERSION = YES;
				CLANG_WARN_NON_LITERAL_NULL_CONVERSION = YES;
				CLANG_WARN_OBJC_IMPLICIT_RETAIN_SELF = YES;
				CLANG_WARN_OBJC_LITERAL_CONVERSION = YES;
				CLANG_WARN_OBJC_ROOT_CLASS = YES_ERROR;
				CLANG_WARN_QUOTED_INCLUDE_IN_FRAMEWORK_HEADER = YES;
				CLANG_WARN_RANGE_LOOP_ANALYSIS = YES;
				CLANG_WARN_STRICT_PROTOTYPES = YES;
				CLANG_WARN_SUSPICIOUS_MOVE = YES;
				CLANG_WARN_UNGUARDED_AVAILABILITY = YES_AGGRESSIVE;
				CLANG_WARN_UNREACHABLE_CODE = YES;
				CLANG_WARN__DUPLICATE_METHOD_MATCH = YES;
				COPY_PHASE_STRIP = NO;
				DEBUG_INFORMATION_FORMAT = "dwarf-with-dsym";
				ENABLE_NS_ASSERTIONS = NO;
				ENABLE_STRICT_OBJC_MSGSEND = YES;
				GCC_C_LANGUAGE_STANDARD = gnu11;
				GCC_NO_COMMON_BLOCKS = YES;
				GCC_WARN_64_TO_32_BIT_CONVERSION = YES;
				GCC_WARN_ABOUT_RETURN_TYPE = YES_ERROR;
				GCC_WARN_UNDECLARED_SELECTOR = YES;
				GCC_WARN_UNINITIALIZED_AUTOS = YES_AGGRESSIVE;
				GCC_WARN_UNUSED_FUNCTION = YES;
				GCC_WARN_UNUSED_VARIABLE = YES;
				IPHONEOS_DEPLOYMENT_TARGET = 16.2;
				MTL_ENABLE_DEBUG_INFO = NO;
				MTL_FAST_MATH = YES;
				SDKROOT = iphoneos;
				SWIFT_COMPILATION_MODE = wholemodule;
				SWIFT_OPTIMIZATION_LEVEL = "-O";
				VALIDATE_PRODUCT = YES;
			};
			name = Release;
		};
		65C7EF6A29E161C600B52D6C /* Debug */ = {
			isa = XCBuildConfiguration;
			baseConfigurationReference = C8471C6B1C5581082617888F /* Pods-MovieApp.debug.xcconfig */;
			buildSettings = {
				ASSETCATALOG_COMPILER_APPICON_NAME = AppIcon;
				ASSETCATALOG_COMPILER_GLOBAL_ACCENT_COLOR_NAME = AccentColor;
				CODE_SIGN_STYLE = Automatic;
				CURRENT_PROJECT_VERSION = 1;
				GENERATE_INFOPLIST_FILE = YES;
				INFOPLIST_FILE = MovieApp/Info.plist;
				INFOPLIST_KEY_UIApplicationSupportsIndirectInputEvents = YES;
				INFOPLIST_KEY_UILaunchStoryboardName = LaunchScreen;
				INFOPLIST_KEY_UIMainStoryboardFile = Main;
				INFOPLIST_KEY_UISupportedInterfaceOrientations_iPad = "UIInterfaceOrientationPortrait UIInterfaceOrientationPortraitUpsideDown UIInterfaceOrientationLandscapeLeft UIInterfaceOrientationLandscapeRight";
				INFOPLIST_KEY_UISupportedInterfaceOrientations_iPhone = "UIInterfaceOrientationPortrait UIInterfaceOrientationLandscapeLeft UIInterfaceOrientationLandscapeRight";
				LD_RUNPATH_SEARCH_PATHS = (
					"$(inherited)",
					"@executable_path/Frameworks",
				);
				MARKETING_VERSION = 1.0;
				PRODUCT_BUNDLE_IDENTIFIER = mnyx7.MovieApp;
				PRODUCT_NAME = "$(TARGET_NAME)";
				SWIFT_EMIT_LOC_STRINGS = YES;
				SWIFT_VERSION = 5.0;
				TARGETED_DEVICE_FAMILY = "1,2";
			};
			name = Debug;
		};
		65C7EF6B29E161C600B52D6C /* Release */ = {
			isa = XCBuildConfiguration;
			baseConfigurationReference = F28B6B8417F47FCEA3FA2104 /* Pods-MovieApp.release.xcconfig */;
			buildSettings = {
				ASSETCATALOG_COMPILER_APPICON_NAME = AppIcon;
				ASSETCATALOG_COMPILER_GLOBAL_ACCENT_COLOR_NAME = AccentColor;
				CODE_SIGN_STYLE = Automatic;
				CURRENT_PROJECT_VERSION = 1;
				GENERATE_INFOPLIST_FILE = YES;
				INFOPLIST_FILE = MovieApp/Info.plist;
				INFOPLIST_KEY_UIApplicationSupportsIndirectInputEvents = YES;
				INFOPLIST_KEY_UILaunchStoryboardName = LaunchScreen;
				INFOPLIST_KEY_UIMainStoryboardFile = Main;
				INFOPLIST_KEY_UISupportedInterfaceOrientations_iPad = "UIInterfaceOrientationPortrait UIInterfaceOrientationPortraitUpsideDown UIInterfaceOrientationLandscapeLeft UIInterfaceOrientationLandscapeRight";
				INFOPLIST_KEY_UISupportedInterfaceOrientations_iPhone = "UIInterfaceOrientationPortrait UIInterfaceOrientationLandscapeLeft UIInterfaceOrientationLandscapeRight";
				LD_RUNPATH_SEARCH_PATHS = (
					"$(inherited)",
					"@executable_path/Frameworks",
				);
				MARKETING_VERSION = 1.0;
				PRODUCT_BUNDLE_IDENTIFIER = mnyx7.MovieApp;
				PRODUCT_NAME = "$(TARGET_NAME)";
				SWIFT_EMIT_LOC_STRINGS = YES;
				SWIFT_VERSION = 5.0;
				TARGETED_DEVICE_FAMILY = "1,2";
			};
			name = Release;
		};
/* End XCBuildConfiguration section */

/* Begin XCConfigurationList section */
		65C7EF4D29E161C500B52D6C /* Build configuration list for PBXProject "MovieApp" */ = {
			isa = XCConfigurationList;
			buildConfigurations = (
				65C7EF6729E161C600B52D6C /* Debug */,
				65C7EF6829E161C600B52D6C /* Release */,
			);
			defaultConfigurationIsVisible = 0;
			defaultConfigurationName = Release;
		};
		65C7EF6929E161C600B52D6C /* Build configuration list for PBXNativeTarget "MovieApp" */ = {
			isa = XCConfigurationList;
			buildConfigurations = (
				65C7EF6A29E161C600B52D6C /* Debug */,
				65C7EF6B29E161C600B52D6C /* Release */,
			);
			defaultConfigurationIsVisible = 0;
			defaultConfigurationName = Release;
		};
/* End XCConfigurationList section */

/* Begin XCVersionGroup section */
		65C7EF5E29E161C500B52D6C /* MovieApp.xcdatamodeld */ = {
			isa = XCVersionGroup;
			children = (
				65C7EF5F29E161C500B52D6C /* MovieApp.xcdatamodel */,
			);
			currentVersion = 65C7EF5F29E161C500B52D6C /* MovieApp.xcdatamodel */;
			path = MovieApp.xcdatamodeld;
			sourceTree = "<group>";
			versionGroupType = wrapper.xcdatamodel;
		};
/* End XCVersionGroup section */
	};
	rootObject = 65C7EF4A29E161C500B52D6C /* Project object */;
}
